<?xml version="1.0" encoding="utf-8"?>
<Project ToolsVersion="4.0" xmlns="http://schemas.microsoft.com/developer/msbuild/2003">
  <ItemGroup>
    <Filter Include="Dependencies">
      <UniqueIdentifier>{6C01343A-5864-C3DE-01EA-FB94ED2B8F61}</UniqueIdentifier>
    </Filter>
    <Filter Include="Dependencies\GLEW">
      <UniqueIdentifier>{0A80440F-7696-42A5-BF0D-CEC62B63132D}</UniqueIdentifier>
    </Filter>
    <Filter Include="Dependencies\GLEW\include">
      <UniqueIdentifier>{7D112ED3-E9D3-615D-3284-F0E99E853A3B}</UniqueIdentifier>
    </Filter>
    <Filter Include="Dependencies\GLEW\include\GL">
      <UniqueIdentifier>{BFCD0536-AB88-F5E1-5440-6E2C40DA3F72}</UniqueIdentifier>
    </Filter>
    <Filter Include="Dependencies\GLFW">
      <UniqueIdentifier>{2B80440F-9796-42A5-E00D-CEC64C63132D}</UniqueIdentifier>
    </Filter>
    <Filter Include="Dependencies\GLFW\include">
      <UniqueIdentifier>{9EA238D7-0A65-6C61-5315-FBEDBF16453F}</UniqueIdentifier>
    </Filter>
    <Filter Include="Dependencies\GLFW\include\GLFW">
      <UniqueIdentifier>{9DB0F771-89D6-C1D8-721C-47A45EE1E6A4}</UniqueIdentifier>
    </Filter>
    <Filter Include="Dependencies\GLM">
      <UniqueIdentifier>{5BD5094E-47CE-28A0-7000-0E255C5808AC}</UniqueIdentifier>
    </Filter>
    <Filter Include="Dependencies\GLM\glm">
      <UniqueIdentifier>{2A95763F-1624-0009-BF42-1404ABB010AF}</UniqueIdentifier>
    </Filter>
    <Filter Include="Dependencies\GLM\glm\detail">
      <UniqueIdentifier>{ACD903A5-18E7-318B-A1CD-2D760DDAFD41}</UniqueIdentifier>
    </Filter>
    <Filter Include="Dependencies\GLM\glm\ext">
      <UniqueIdentifier>{8A9DCC95-76C2-1B16-9F0D-01A68B911A34}</UniqueIdentifier>
    </Filter>
    <Filter Include="Dependencies\GLM\glm\gtc">
      <UniqueIdentifier>{77A5CC95-63CA-1B16-8C15-01A678991A34}</UniqueIdentifier>
    </Filter>
    <Filter Include="Dependencies\GLM\glm\gtx">
      <UniqueIdentifier>{8CA5CC95-78CA-1B16-A115-01A68D991A34}</UniqueIdentifier>
    </Filter>
    <Filter Include="Dependencies\GLM\glm\simd">
      <UniqueIdentifier>{C6BB674F-327E-9BD9-7B2E-2A66E72F74B7}</UniqueIdentifier>
    </Filter>
    <Filter Include="Source">
      <UniqueIdentifier>{56EB95D1-428D-C0A7-2B48-D4FB178947F8}</UniqueIdentifier>
    </Filter>
  </ItemGroup>
  <ItemGroup>
    <ClInclude Include="Dependencies\GLEW\include\GL\eglew.h">
      <Filter>Dependencies\GLEW\include\GL</Filter>
    </ClInclude>
    <ClInclude Include="Dependencies\GLEW\include\GL\glew.h">
      <Filter>Dependencies\GLEW\include\GL</Filter>
    </ClInclude>
    <ClInclude Include="Dependencies\GLEW\include\GL\glxew.h">
      <Filter>Dependencies\GLEW\include\GL</Filter>
    </ClInclude>
    <ClInclude Include="Dependencies\GLEW\include\GL\wglew.h">
      <Filter>Dependencies\GLEW\include\GL</Filter>
    </ClInclude>
    <ClInclude Include="Dependencies\GLFW\include\GLFW\glfw3.h">
      <Filter>Dependencies\GLFW\include\GLFW</Filter>
    </ClInclude>
    <ClInclude Include="Dependencies\GLFW\include\GLFW\glfw3native.h">
      <Filter>Dependencies\GLFW\include\GLFW</Filter>
    </ClInclude>
    <ClInclude Include="Dependencies\GLM\glm\common.hpp">
      <Filter>Dependencies\GLM\glm</Filter>
    </ClInclude>
    <ClInclude Include="Dependencies\GLM\glm\detail\_features.hpp">
      <Filter>Dependencies\GLM\glm\detail</Filter>
    </ClInclude>
    <ClInclude Include="Dependencies\GLM\glm\detail\_fixes.hpp">
      <Filter>Dependencies\GLM\glm\detail</Filter>
    </ClInclude>
    <ClInclude Include="Dependencies\GLM\glm\detail\_noise.hpp">
      <Filter>Dependencies\GLM\glm\detail</Filter>
    </ClInclude>
    <ClInclude Include="Dependencies\GLM\glm\detail\_swizzle.hpp">
      <Filter>Dependencies\GLM\glm\detail</Filter>
    </ClInclude>
    <ClInclude Include="Dependencies\GLM\glm\detail\_swizzle_func.hpp">
      <Filter>Dependencies\GLM\glm\detail</Filter>
    </ClInclude>
    <ClInclude Include="Dependencies\GLM\glm\detail\_vectorize.hpp">
      <Filter>Dependencies\GLM\glm\detail</Filter>
    </ClInclude>
    <ClInclude Include="Dependencies\GLM\glm\detail\compute_common.hpp">
      <Filter>Dependencies\GLM\glm\detail</Filter>
    </ClInclude>
    <ClInclude Include="Dependencies\GLM\glm\detail\compute_vector_relational.hpp">
      <Filter>Dependencies\GLM\glm\detail</Filter>
    </ClInclude>
    <ClInclude Include="Dependencies\GLM\glm\detail\qualifier.hpp">
      <Filter>Dependencies\GLM\glm\detail</Filter>
    </ClInclude>
    <ClInclude Include="Dependencies\GLM\glm\detail\setup.hpp">
      <Filter>Dependencies\GLM\glm\detail</Filter>
    </ClInclude>
    <ClInclude Include="Dependencies\GLM\glm\detail\type_float.hpp">
      <Filter>Dependencies\GLM\glm\detail</Filter>
    </ClInclude>
    <ClInclude Include="Dependencies\GLM\glm\detail\type_half.hpp">
      <Filter>Dependencies\GLM\glm\detail</Filter>
    </ClInclude>
    <ClInclude Include="Dependencies\GLM\glm\detail\type_mat2x2.hpp">
      <Filter>Dependencies\GLM\glm\detail</Filter>
    </ClInclude>
    <ClInclude Include="Dependencies\GLM\glm\detail\type_mat2x3.hpp">
      <Filter>Dependencies\GLM\glm\detail</Filter>
    </ClInclude>
    <ClInclude Include="Dependencies\GLM\glm\detail\type_mat2x4.hpp">
      <Filter>Dependencies\GLM\glm\detail</Filter>
    </ClInclude>
    <ClInclude Include="Dependencies\GLM\glm\detail\type_mat3x2.hpp">
      <Filter>Dependencies\GLM\glm\detail</Filter>
    </ClInclude>
    <ClInclude Include="Dependencies\GLM\glm\detail\type_mat3x3.hpp">
      <Filter>Dependencies\GLM\glm\detail</Filter>
    </ClInclude>
    <ClInclude Include="Dependencies\GLM\glm\detail\type_mat3x4.hpp">
      <Filter>Dependencies\GLM\glm\detail</Filter>
    </ClInclude>
    <ClInclude Include="Dependencies\GLM\glm\detail\type_mat4x2.hpp">
      <Filter>Dependencies\GLM\glm\detail</Filter>
    </ClInclude>
    <ClInclude Include="Dependencies\GLM\glm\detail\type_mat4x3.hpp">
      <Filter>Dependencies\GLM\glm\detail</Filter>
    </ClInclude>
    <ClInclude Include="Dependencies\GLM\glm\detail\type_mat4x4.hpp">
      <Filter>Dependencies\GLM\glm\detail</Filter>
    </ClInclude>
    <ClInclude Include="Dependencies\GLM\glm\detail\type_quat.hpp">
      <Filter>Dependencies\GLM\glm\detail</Filter>
    </ClInclude>
    <ClInclude Include="Dependencies\GLM\glm\detail\type_vec1.hpp">
      <Filter>Dependencies\GLM\glm\detail</Filter>
    </ClInclude>
    <ClInclude Include="Dependencies\GLM\glm\detail\type_vec2.hpp">
      <Filter>Dependencies\GLM\glm\detail</Filter>
    </ClInclude>
    <ClInclude Include="Dependencies\GLM\glm\detail\type_vec3.hpp">
      <Filter>Dependencies\GLM\glm\detail</Filter>
    </ClInclude>
    <ClInclude Include="Dependencies\GLM\glm\detail\type_vec4.hpp">
      <Filter>Dependencies\GLM\glm\detail</Filter>
    </ClInclude>
    <ClInclude Include="Dependencies\GLM\glm\exponential.hpp">
      <Filter>Dependencies\GLM\glm</Filter>
    </ClInclude>
    <ClInclude Include="Dependencies\GLM\glm\ext.hpp">
      <Filter>Dependencies\GLM\glm</Filter>
    </ClInclude>
    <ClInclude Include="Dependencies\GLM\glm\ext\_matrix_vectorize.hpp">
      <Filter>Dependencies\GLM\glm\ext</Filter>
    </ClInclude>
    <ClInclude Include="Dependencies\GLM\glm\ext\matrix_clip_space.hpp">
      <Filter>Dependencies\GLM\glm\ext</Filter>
    </ClInclude>
    <ClInclude Include="Dependencies\GLM\glm\ext\matrix_common.hpp">
      <Filter>Dependencies\GLM\glm\ext</Filter>
    </ClInclude>
    <ClInclude Include="Dependencies\GLM\glm\ext\matrix_double2x2.hpp">
      <Filter>Dependencies\GLM\glm\ext</Filter>
    </ClInclude>
    <ClInclude Include="Dependencies\GLM\glm\ext\matrix_double2x2_precision.hpp">
      <Filter>Dependencies\GLM\glm\ext</Filter>
    </ClInclude>
    <ClInclude Include="Dependencies\GLM\glm\ext\matrix_double2x3.hpp">
      <Filter>Dependencies\GLM\glm\ext</Filter>
    </ClInclude>
    <ClInclude Include="Dependencies\GLM\glm\ext\matrix_double2x3_precision.hpp">
      <Filter>Dependencies\GLM\glm\ext</Filter>
    </ClInclude>
    <ClInclude Include="Dependencies\GLM\glm\ext\matrix_double2x4.hpp">
      <Filter>Dependencies\GLM\glm\ext</Filter>
    </ClInclude>
    <ClInclude Include="Dependencies\GLM\glm\ext\matrix_double2x4_precision.hpp">
      <Filter>Dependencies\GLM\glm\ext</Filter>
    </ClInclude>
    <ClInclude Include="Dependencies\GLM\glm\ext\matrix_double3x2.hpp">
      <Filter>Dependencies\GLM\glm\ext</Filter>
    </ClInclude>
    <ClInclude Include="Dependencies\GLM\glm\ext\matrix_double3x2_precision.hpp">
      <Filter>Dependencies\GLM\glm\ext</Filter>
    </ClInclude>
    <ClInclude Include="Dependencies\GLM\glm\ext\matrix_double3x3.hpp">
      <Filter>Dependencies\GLM\glm\ext</Filter>
    </ClInclude>
    <ClInclude Include="Dependencies\GLM\glm\ext\matrix_double3x3_precision.hpp">
      <Filter>Dependencies\GLM\glm\ext</Filter>
    </ClInclude>
    <ClInclude Include="Dependencies\GLM\glm\ext\matrix_double3x4.hpp">
      <Filter>Dependencies\GLM\glm\ext</Filter>
    </ClInclude>
    <ClInclude Include="Dependencies\GLM\glm\ext\matrix_double3x4_precision.hpp">
      <Filter>Dependencies\GLM\glm\ext</Filter>
    </ClInclude>
    <ClInclude Include="Dependencies\GLM\glm\ext\matrix_double4x2.hpp">
      <Filter>Dependencies\GLM\glm\ext</Filter>
    </ClInclude>
    <ClInclude Include="Dependencies\GLM\glm\ext\matrix_double4x2_precision.hpp">
      <Filter>Dependencies\GLM\glm\ext</Filter>
    </ClInclude>
    <ClInclude Include="Dependencies\GLM\glm\ext\matrix_double4x3.hpp">
      <Filter>Dependencies\GLM\glm\ext</Filter>
    </ClInclude>
    <ClInclude Include="Dependencies\GLM\glm\ext\matrix_double4x3_precision.hpp">
      <Filter>Dependencies\GLM\glm\ext</Filter>
    </ClInclude>
    <ClInclude Include="Dependencies\GLM\glm\ext\matrix_double4x4.hpp">
      <Filter>Dependencies\GLM\glm\ext</Filter>
    </ClInclude>
    <ClInclude Include="Dependencies\GLM\glm\ext\matrix_double4x4_precision.hpp">
      <Filter>Dependencies\GLM\glm\ext</Filter>
    </ClInclude>
    <ClInclude Include="Dependencies\GLM\glm\ext\matrix_float2x2.hpp">
      <Filter>Dependencies\GLM\glm\ext</Filter>
    </ClInclude>
    <ClInclude Include="Dependencies\GLM\glm\ext\matrix_float2x2_precision.hpp">
      <Filter>Dependencies\GLM\glm\ext</Filter>
    </ClInclude>
    <ClInclude Include="Dependencies\GLM\glm\ext\matrix_float2x3.hpp">
      <Filter>Dependencies\GLM\glm\ext</Filter>
    </ClInclude>
    <ClInclude Include="Dependencies\GLM\glm\ext\matrix_float2x3_precision.hpp">
      <Filter>Dependencies\GLM\glm\ext</Filter>
    </ClInclude>
    <ClInclude Include="Dependencies\GLM\glm\ext\matrix_float2x4.hpp">
      <Filter>Dependencies\GLM\glm\ext</Filter>
    </ClInclude>
    <ClInclude Include="Dependencies\GLM\glm\ext\matrix_float2x4_precision.hpp">
      <Filter>Dependencies\GLM\glm\ext</Filter>
    </ClInclude>
    <ClInclude Include="Dependencies\GLM\glm\ext\matrix_float3x2.hpp">
      <Filter>Dependencies\GLM\glm\ext</Filter>
    </ClInclude>
    <ClInclude Include="Dependencies\GLM\glm\ext\matrix_float3x2_precision.hpp">
      <Filter>Dependencies\GLM\glm\ext</Filter>
    </ClInclude>
    <ClInclude Include="Dependencies\GLM\glm\ext\matrix_float3x3.hpp">
      <Filter>Dependencies\GLM\glm\ext</Filter>
    </ClInclude>
    <ClInclude Include="Dependencies\GLM\glm\ext\matrix_float3x3_precision.hpp">
      <Filter>Dependencies\GLM\glm\ext</Filter>
    </ClInclude>
    <ClInclude Include="Dependencies\GLM\glm\ext\matrix_float3x4.hpp">
      <Filter>Dependencies\GLM\glm\ext</Filter>
    </ClInclude>
    <ClInclude Include="Dependencies\GLM\glm\ext\matrix_float3x4_precision.hpp">
      <Filter>Dependencies\GLM\glm\ext</Filter>
    </ClInclude>
    <ClInclude Include="Dependencies\GLM\glm\ext\matrix_float4x2.hpp">
      <Filter>Dependencies\GLM\glm\ext</Filter>
    </ClInclude>
    <ClInclude Include="Dependencies\GLM\glm\ext\matrix_float4x2_precision.hpp">
      <Filter>Dependencies\GLM\glm\ext</Filter>
    </ClInclude>
    <ClInclude Include="Dependencies\GLM\glm\ext\matrix_float4x3.hpp">
      <Filter>Dependencies\GLM\glm\ext</Filter>
    </ClInclude>
    <ClInclude Include="Dependencies\GLM\glm\ext\matrix_float4x3_precision.hpp">
      <Filter>Dependencies\GLM\glm\ext</Filter>
    </ClInclude>
    <ClInclude Include="Dependencies\GLM\glm\ext\matrix_float4x4.hpp">
      <Filter>Dependencies\GLM\glm\ext</Filter>
    </ClInclude>
    <ClInclude Include="Dependencies\GLM\glm\ext\matrix_float4x4_precision.hpp">
      <Filter>Dependencies\GLM\glm\ext</Filter>
    </ClInclude>
    <ClInclude Include="Dependencies\GLM\glm\ext\matrix_int2x2.hpp">
      <Filter>Dependencies\GLM\glm\ext</Filter>
    </ClInclude>
    <ClInclude Include="Dependencies\GLM\glm\ext\matrix_int2x2_sized.hpp">
      <Filter>Dependencies\GLM\glm\ext</Filter>
    </ClInclude>
    <ClInclude Include="Dependencies\GLM\glm\ext\matrix_int2x3.hpp">
      <Filter>Dependencies\GLM\glm\ext</Filter>
    </ClInclude>
    <ClInclude Include="Dependencies\GLM\glm\ext\matrix_int2x3_sized.hpp">
      <Filter>Dependencies\GLM\glm\ext</Filter>
    </ClInclude>
    <ClInclude Include="Dependencies\GLM\glm\ext\matrix_int2x4.hpp">
      <Filter>Dependencies\GLM\glm\ext</Filter>
    </ClInclude>
    <ClInclude Include="Dependencies\GLM\glm\ext\matrix_int2x4_sized.hpp">
      <Filter>Dependencies\GLM\glm\ext</Filter>
    </ClInclude>
    <ClInclude Include="Dependencies\GLM\glm\ext\matrix_int3x2.hpp">
      <Filter>Dependencies\GLM\glm\ext</Filter>
    </ClInclude>
    <ClInclude Include="Dependencies\GLM\glm\ext\matrix_int3x2_sized.hpp">
      <Filter>Dependencies\GLM\glm\ext</Filter>
    </ClInclude>
    <ClInclude Include="Dependencies\GLM\glm\ext\matrix_int3x3.hpp">
      <Filter>Dependencies\GLM\glm\ext</Filter>
    </ClInclude>
    <ClInclude Include="Dependencies\GLM\glm\ext\matrix_int3x3_sized.hpp">
      <Filter>Dependencies\GLM\glm\ext</Filter>
    </ClInclude>
    <ClInclude Include="Dependencies\GLM\glm\ext\matrix_int3x4.hpp">
      <Filter>Dependencies\GLM\glm\ext</Filter>
    </ClInclude>
    <ClInclude Include="Dependencies\GLM\glm\ext\matrix_int3x4_sized.hpp">
      <Filter>Dependencies\GLM\glm\ext</Filter>
    </ClInclude>
    <ClInclude Include="Dependencies\GLM\glm\ext\matrix_int4x2.hpp">
      <Filter>Dependencies\GLM\glm\ext</Filter>
    </ClInclude>
    <ClInclude Include="Dependencies\GLM\glm\ext\matrix_int4x2_sized.hpp">
      <Filter>Dependencies\GLM\glm\ext</Filter>
    </ClInclude>
    <ClInclude Include="Dependencies\GLM\glm\ext\matrix_int4x3.hpp">
      <Filter>Dependencies\GLM\glm\ext</Filter>
    </ClInclude>
    <ClInclude Include="Dependencies\GLM\glm\ext\matrix_int4x3_sized.hpp">
      <Filter>Dependencies\GLM\glm\ext</Filter>
    </ClInclude>
    <ClInclude Include="Dependencies\GLM\glm\ext\matrix_int4x4.hpp">
      <Filter>Dependencies\GLM\glm\ext</Filter>
    </ClInclude>
    <ClInclude Include="Dependencies\GLM\glm\ext\matrix_int4x4_sized.hpp">
      <Filter>Dependencies\GLM\glm\ext</Filter>
    </ClInclude>
    <ClInclude Include="Dependencies\GLM\glm\ext\matrix_integer.hpp">
      <Filter>Dependencies\GLM\glm\ext</Filter>
    </ClInclude>
    <ClInclude Include="Dependencies\GLM\glm\ext\matrix_projection.hpp">
      <Filter>Dependencies\GLM\glm\ext</Filter>
    </ClInclude>
    <ClInclude Include="Dependencies\GLM\glm\ext\matrix_relational.hpp">
      <Filter>Dependencies\GLM\glm\ext</Filter>
    </ClInclude>
    <ClInclude Include="Dependencies\GLM\glm\ext\matrix_transform.hpp">
      <Filter>Dependencies\GLM\glm\ext</Filter>
    </ClInclude>
    <ClInclude Include="Dependencies\GLM\glm\ext\matrix_uint2x2.hpp">
      <Filter>Dependencies\GLM\glm\ext</Filter>
    </ClInclude>
    <ClInclude Include="Dependencies\GLM\glm\ext\matrix_uint2x2_sized.hpp">
      <Filter>Dependencies\GLM\glm\ext</Filter>
    </ClInclude>
    <ClInclude Include="Dependencies\GLM\glm\ext\matrix_uint2x3.hpp">
      <Filter>Dependencies\GLM\glm\ext</Filter>
    </ClInclude>
    <ClInclude Include="Dependencies\GLM\glm\ext\matrix_uint2x3_sized.hpp">
      <Filter>Dependencies\GLM\glm\ext</Filter>
    </ClInclude>
    <ClInclude Include="Dependencies\GLM\glm\ext\matrix_uint2x4.hpp">
      <Filter>Dependencies\GLM\glm\ext</Filter>
    </ClInclude>
    <ClInclude Include="Dependencies\GLM\glm\ext\matrix_uint2x4_sized.hpp">
      <Filter>Dependencies\GLM\glm\ext</Filter>
    </ClInclude>
    <ClInclude Include="Dependencies\GLM\glm\ext\matrix_uint3x2.hpp">
      <Filter>Dependencies\GLM\glm\ext</Filter>
    </ClInclude>
    <ClInclude Include="Dependencies\GLM\glm\ext\matrix_uint3x2_sized.hpp">
      <Filter>Dependencies\GLM\glm\ext</Filter>
    </ClInclude>
    <ClInclude Include="Dependencies\GLM\glm\ext\matrix_uint3x3.hpp">
      <Filter>Dependencies\GLM\glm\ext</Filter>
    </ClInclude>
    <ClInclude Include="Dependencies\GLM\glm\ext\matrix_uint3x3_sized.hpp">
      <Filter>Dependencies\GLM\glm\ext</Filter>
    </ClInclude>
    <ClInclude Include="Dependencies\GLM\glm\ext\matrix_uint3x4.hpp">
      <Filter>Dependencies\GLM\glm\ext</Filter>
    </ClInclude>
    <ClInclude Include="Dependencies\GLM\glm\ext\matrix_uint3x4_sized.hpp">
      <Filter>Dependencies\GLM\glm\ext</Filter>
    </ClInclude>
    <ClInclude Include="Dependencies\GLM\glm\ext\matrix_uint4x2.hpp">
      <Filter>Dependencies\GLM\glm\ext</Filter>
    </ClInclude>
    <ClInclude Include="Dependencies\GLM\glm\ext\matrix_uint4x2_sized.hpp">
      <Filter>Dependencies\GLM\glm\ext</Filter>
    </ClInclude>
    <ClInclude Include="Dependencies\GLM\glm\ext\matrix_uint4x3.hpp">
      <Filter>Dependencies\GLM\glm\ext</Filter>
    </ClInclude>
    <ClInclude Include="Dependencies\GLM\glm\ext\matrix_uint4x3_sized.hpp">
      <Filter>Dependencies\GLM\glm\ext</Filter>
    </ClInclude>
    <ClInclude Include="Dependencies\GLM\glm\ext\matrix_uint4x4.hpp">
      <Filter>Dependencies\GLM\glm\ext</Filter>
    </ClInclude>
    <ClInclude Include="Dependencies\GLM\glm\ext\matrix_uint4x4_sized.hpp">
      <Filter>Dependencies\GLM\glm\ext</Filter>
    </ClInclude>
    <ClInclude Include="Dependencies\GLM\glm\ext\quaternion_common.hpp">
      <Filter>Dependencies\GLM\glm\ext</Filter>
    </ClInclude>
    <ClInclude Include="Dependencies\GLM\glm\ext\quaternion_double.hpp">
      <Filter>Dependencies\GLM\glm\ext</Filter>
    </ClInclude>
    <ClInclude Include="Dependencies\GLM\glm\ext\quaternion_double_precision.hpp">
      <Filter>Dependencies\GLM\glm\ext</Filter>
    </ClInclude>
    <ClInclude Include="Dependencies\GLM\glm\ext\quaternion_exponential.hpp">
      <Filter>Dependencies\GLM\glm\ext</Filter>
    </ClInclude>
    <ClInclude Include="Dependencies\GLM\glm\ext\quaternion_float.hpp">
      <Filter>Dependencies\GLM\glm\ext</Filter>
    </ClInclude>
    <ClInclude Include="Dependencies\GLM\glm\ext\quaternion_float_precision.hpp">
      <Filter>Dependencies\GLM\glm\ext</Filter>
    </ClInclude>
    <ClInclude Include="Dependencies\GLM\glm\ext\quaternion_geometric.hpp">
      <Filter>Dependencies\GLM\glm\ext</Filter>
    </ClInclude>
    <ClInclude Include="Dependencies\GLM\glm\ext\quaternion_relational.hpp">
      <Filter>Dependencies\GLM\glm\ext</Filter>
    </ClInclude>
    <ClInclude Include="Dependencies\GLM\glm\ext\quaternion_transform.hpp">
      <Filter>Dependencies\GLM\glm\ext</Filter>
    </ClInclude>
    <ClInclude Include="Dependencies\GLM\glm\ext\quaternion_trigonometric.hpp">
      <Filter>Dependencies\GLM\glm\ext</Filter>
    </ClInclude>
    <ClInclude Include="Dependencies\GLM\glm\ext\scalar_common.hpp">
      <Filter>Dependencies\GLM\glm\ext</Filter>
    </ClInclude>
    <ClInclude Include="Dependencies\GLM\glm\ext\scalar_constants.hpp">
      <Filter>Dependencies\GLM\glm\ext</Filter>
    </ClInclude>
    <ClInclude Include="Dependencies\GLM\glm\ext\scalar_int_sized.hpp">
      <Filter>Dependencies\GLM\glm\ext</Filter>
    </ClInclude>
    <ClInclude Include="Dependencies\GLM\glm\ext\scalar_integer.hpp">
      <Filter>Dependencies\GLM\glm\ext</Filter>
    </ClInclude>
    <ClInclude Include="Dependencies\GLM\glm\ext\scalar_packing.hpp">
      <Filter>Dependencies\GLM\glm\ext</Filter>
    </ClInclude>
    <ClInclude Include="Dependencies\GLM\glm\ext\scalar_reciprocal.hpp">
      <Filter>Dependencies\GLM\glm\ext</Filter>
    </ClInclude>
    <ClInclude Include="Dependencies\GLM\glm\ext\scalar_relational.hpp">
      <Filter>Dependencies\GLM\glm\ext</Filter>
    </ClInclude>
    <ClInclude Include="Dependencies\GLM\glm\ext\scalar_uint_sized.hpp">
      <Filter>Dependencies\GLM\glm\ext</Filter>
    </ClInclude>
    <ClInclude Include="Dependencies\GLM\glm\ext\scalar_ulp.hpp">
      <Filter>Dependencies\GLM\glm\ext</Filter>
    </ClInclude>
    <ClInclude Include="Dependencies\GLM\glm\ext\vector_bool1.hpp">
      <Filter>Dependencies\GLM\glm\ext</Filter>
    </ClInclude>
    <ClInclude Include="Dependencies\GLM\glm\ext\vector_bool1_precision.hpp">
      <Filter>Dependencies\GLM\glm\ext</Filter>
    </ClInclude>
    <ClInclude Include="Dependencies\GLM\glm\ext\vector_bool2.hpp">
      <Filter>Dependencies\GLM\glm\ext</Filter>
    </ClInclude>
    <ClInclude Include="Dependencies\GLM\glm\ext\vector_bool2_precision.hpp">
      <Filter>Dependencies\GLM\glm\ext</Filter>
    </ClInclude>
    <ClInclude Include="Dependencies\GLM\glm\ext\vector_bool3.hpp">
      <Filter>Dependencies\GLM\glm\ext</Filter>
    </ClInclude>
    <ClInclude Include="Dependencies\GLM\glm\ext\vector_bool3_precision.hpp">
      <Filter>Dependencies\GLM\glm\ext</Filter>
    </ClInclude>
    <ClInclude Include="Dependencies\GLM\glm\ext\vector_bool4.hpp">
      <Filter>Dependencies\GLM\glm\ext</Filter>
    </ClInclude>
    <ClInclude Include="Dependencies\GLM\glm\ext\vector_bool4_precision.hpp">
      <Filter>Dependencies\GLM\glm\ext</Filter>
    </ClInclude>
    <ClInclude Include="Dependencies\GLM\glm\ext\vector_common.hpp">
      <Filter>Dependencies\GLM\glm\ext</Filter>
    </ClInclude>
    <ClInclude Include="Dependencies\GLM\glm\ext\vector_double1.hpp">
      <Filter>Dependencies\GLM\glm\ext</Filter>
    </ClInclude>
    <ClInclude Include="Dependencies\GLM\glm\ext\vector_double1_precision.hpp">
      <Filter>Dependencies\GLM\glm\ext</Filter>
    </ClInclude>
    <ClInclude Include="Dependencies\GLM\glm\ext\vector_double2.hpp">
      <Filter>Dependencies\GLM\glm\ext</Filter>
    </ClInclude>
    <ClInclude Include="Dependencies\GLM\glm\ext\vector_double2_precision.hpp">
      <Filter>Dependencies\GLM\glm\ext</Filter>
    </ClInclude>
    <ClInclude Include="Dependencies\GLM\glm\ext\vector_double3.hpp">
      <Filter>Dependencies\GLM\glm\ext</Filter>
    </ClInclude>
    <ClInclude Include="Dependencies\GLM\glm\ext\vector_double3_precision.hpp">
      <Filter>Dependencies\GLM\glm\ext</Filter>
    </ClInclude>
    <ClInclude Include="Dependencies\GLM\glm\ext\vector_double4.hpp">
      <Filter>Dependencies\GLM\glm\ext</Filter>
    </ClInclude>
    <ClInclude Include="Dependencies\GLM\glm\ext\vector_double4_precision.hpp">
      <Filter>Dependencies\GLM\glm\ext</Filter>
    </ClInclude>
    <ClInclude Include="Dependencies\GLM\glm\ext\vector_float1.hpp">
      <Filter>Dependencies\GLM\glm\ext</Filter>
    </ClInclude>
    <ClInclude Include="Dependencies\GLM\glm\ext\vector_float1_precision.hpp">
      <Filter>Dependencies\GLM\glm\ext</Filter>
    </ClInclude>
    <ClInclude Include="Dependencies\GLM\glm\ext\vector_float2.hpp">
      <Filter>Dependencies\GLM\glm\ext</Filter>
    </ClInclude>
    <ClInclude Include="Dependencies\GLM\glm\ext\vector_float2_precision.hpp">
      <Filter>Dependencies\GLM\glm\ext</Filter>
    </ClInclude>
    <ClInclude Include="Dependencies\GLM\glm\ext\vector_float3.hpp">
      <Filter>Dependencies\GLM\glm\ext</Filter>
    </ClInclude>
    <ClInclude Include="Dependencies\GLM\glm\ext\vector_float3_precision.hpp">
      <Filter>Dependencies\GLM\glm\ext</Filter>
    </ClInclude>
    <ClInclude Include="Dependencies\GLM\glm\ext\vector_float4.hpp">
      <Filter>Dependencies\GLM\glm\ext</Filter>
    </ClInclude>
    <ClInclude Include="Dependencies\GLM\glm\ext\vector_float4_precision.hpp">
      <Filter>Dependencies\GLM\glm\ext</Filter>
    </ClInclude>
    <ClInclude Include="Dependencies\GLM\glm\ext\vector_int1.hpp">
      <Filter>Dependencies\GLM\glm\ext</Filter>
    </ClInclude>
    <ClInclude Include="Dependencies\GLM\glm\ext\vector_int1_sized.hpp">
      <Filter>Dependencies\GLM\glm\ext</Filter>
    </ClInclude>
    <ClInclude Include="Dependencies\GLM\glm\ext\vector_int2.hpp">
      <Filter>Dependencies\GLM\glm\ext</Filter>
    </ClInclude>
    <ClInclude Include="Dependencies\GLM\glm\ext\vector_int2_sized.hpp">
      <Filter>Dependencies\GLM\glm\ext</Filter>
    </ClInclude>
    <ClInclude Include="Dependencies\GLM\glm\ext\vector_int3.hpp">
      <Filter>Dependencies\GLM\glm\ext</Filter>
    </ClInclude>
    <ClInclude Include="Dependencies\GLM\glm\ext\vector_int3_sized.hpp">
      <Filter>Dependencies\GLM\glm\ext</Filter>
    </ClInclude>
    <ClInclude Include="Dependencies\GLM\glm\ext\vector_int4.hpp">
      <Filter>Dependencies\GLM\glm\ext</Filter>
    </ClInclude>
    <ClInclude Include="Dependencies\GLM\glm\ext\vector_int4_sized.hpp">
      <Filter>Dependencies\GLM\glm\ext</Filter>
    </ClInclude>
    <ClInclude Include="Dependencies\GLM\glm\ext\vector_integer.hpp">
      <Filter>Dependencies\GLM\glm\ext</Filter>
    </ClInclude>
    <ClInclude Include="Dependencies\GLM\glm\ext\vector_packing.hpp">
      <Filter>Dependencies\GLM\glm\ext</Filter>
    </ClInclude>
    <ClInclude Include="Dependencies\GLM\glm\ext\vector_reciprocal.hpp">
      <Filter>Dependencies\GLM\glm\ext</Filter>
    </ClInclude>
    <ClInclude Include="Dependencies\GLM\glm\ext\vector_relational.hpp">
      <Filter>Dependencies\GLM\glm\ext</Filter>
    </ClInclude>
    <ClInclude Include="Dependencies\GLM\glm\ext\vector_uint1.hpp">
      <Filter>Dependencies\GLM\glm\ext</Filter>
    </ClInclude>
    <ClInclude Include="Dependencies\GLM\glm\ext\vector_uint1_sized.hpp">
      <Filter>Dependencies\GLM\glm\ext</Filter>
    </ClInclude>
    <ClInclude Include="Dependencies\GLM\glm\ext\vector_uint2.hpp">
      <Filter>Dependencies\GLM\glm\ext</Filter>
    </ClInclude>
    <ClInclude Include="Dependencies\GLM\glm\ext\vector_uint2_sized.hpp">
      <Filter>Dependencies\GLM\glm\ext</Filter>
    </ClInclude>
    <ClInclude Include="Dependencies\GLM\glm\ext\vector_uint3.hpp">
      <Filter>Dependencies\GLM\glm\ext</Filter>
    </ClInclude>
    <ClInclude Include="Dependencies\GLM\glm\ext\vector_uint3_sized.hpp">
      <Filter>Dependencies\GLM\glm\ext</Filter>
    </ClInclude>
    <ClInclude Include="Dependencies\GLM\glm\ext\vector_uint4.hpp">
      <Filter>Dependencies\GLM\glm\ext</Filter>
    </ClInclude>
    <ClInclude Include="Dependencies\GLM\glm\ext\vector_uint4_sized.hpp">
      <Filter>Dependencies\GLM\glm\ext</Filter>
    </ClInclude>
    <ClInclude Include="Dependencies\GLM\glm\ext\vector_ulp.hpp">
      <Filter>Dependencies\GLM\glm\ext</Filter>
    </ClInclude>
    <ClInclude Include="Dependencies\GLM\glm\fwd.hpp">
      <Filter>Dependencies\GLM\glm</Filter>
    </ClInclude>
    <ClInclude Include="Dependencies\GLM\glm\geometric.hpp">
      <Filter>Dependencies\GLM\glm</Filter>
    </ClInclude>
    <ClInclude Include="Dependencies\GLM\glm\glm.hpp">
      <Filter>Dependencies\GLM\glm</Filter>
    </ClInclude>
    <ClInclude Include="Dependencies\GLM\glm\gtc\bitfield.hpp">
      <Filter>Dependencies\GLM\glm\gtc</Filter>
    </ClInclude>
    <ClInclude Include="Dependencies\GLM\glm\gtc\color_space.hpp">
      <Filter>Dependencies\GLM\glm\gtc</Filter>
    </ClInclude>
    <ClInclude Include="Dependencies\GLM\glm\gtc\constants.hpp">
      <Filter>Dependencies\GLM\glm\gtc</Filter>
    </ClInclude>
    <ClInclude Include="Dependencies\GLM\glm\gtc\epsilon.hpp">
      <Filter>Dependencies\GLM\glm\gtc</Filter>
    </ClInclude>
    <ClInclude Include="Dependencies\GLM\glm\gtc\integer.hpp">
      <Filter>Dependencies\GLM\glm\gtc</Filter>
    </ClInclude>
    <ClInclude Include="Dependencies\GLM\glm\gtc\matrix_access.hpp">
      <Filter>Dependencies\GLM\glm\gtc</Filter>
    </ClInclude>
    <ClInclude Include="Dependencies\GLM\glm\gtc\matrix_integer.hpp">
      <Filter>Dependencies\GLM\glm\gtc</Filter>
    </ClInclude>
    <ClInclude Include="Dependencies\GLM\glm\gtc\matrix_inverse.hpp">
      <Filter>Dependencies\GLM\glm\gtc</Filter>
    </ClInclude>
    <ClInclude Include="Dependencies\GLM\glm\gtc\matrix_transform.hpp">
      <Filter>Dependencies\GLM\glm\gtc</Filter>
    </ClInclude>
    <ClInclude Include="Dependencies\GLM\glm\gtc\noise.hpp">
      <Filter>Dependencies\GLM\glm\gtc</Filter>
    </ClInclude>
    <ClInclude Include="Dependencies\GLM\glm\gtc\packing.hpp">
      <Filter>Dependencies\GLM\glm\gtc</Filter>
    </ClInclude>
    <ClInclude Include="Dependencies\GLM\glm\gtc\quaternion.hpp">
      <Filter>Dependencies\GLM\glm\gtc</Filter>
    </ClInclude>
    <ClInclude Include="Dependencies\GLM\glm\gtc\random.hpp">
      <Filter>Dependencies\GLM\glm\gtc</Filter>
    </ClInclude>
    <ClInclude Include="Dependencies\GLM\glm\gtc\reciprocal.hpp">
      <Filter>Dependencies\GLM\glm\gtc</Filter>
    </ClInclude>
    <ClInclude Include="Dependencies\GLM\glm\gtc\round.hpp">
      <Filter>Dependencies\GLM\glm\gtc</Filter>
    </ClInclude>
    <ClInclude Include="Dependencies\GLM\glm\gtc\type_aligned.hpp">
      <Filter>Dependencies\GLM\glm\gtc</Filter>
    </ClInclude>
    <ClInclude Include="Dependencies\GLM\glm\gtc\type_precision.hpp">
      <Filter>Dependencies\GLM\glm\gtc</Filter>
    </ClInclude>
    <ClInclude Include="Dependencies\GLM\glm\gtc\type_ptr.hpp">
      <Filter>Dependencies\GLM\glm\gtc</Filter>
    </ClInclude>
    <ClInclude Include="Dependencies\GLM\glm\gtc\ulp.hpp">
      <Filter>Dependencies\GLM\glm\gtc</Filter>
    </ClInclude>
    <ClInclude Include="Dependencies\GLM\glm\gtc\vec1.hpp">
      <Filter>Dependencies\GLM\glm\gtc</Filter>
    </ClInclude>
    <ClInclude Include="Dependencies\GLM\glm\gtx\associated_min_max.hpp">
      <Filter>Dependencies\GLM\glm\gtx</Filter>
    </ClInclude>
    <ClInclude Include="Dependencies\GLM\glm\gtx\bit.hpp">
      <Filter>Dependencies\GLM\glm\gtx</Filter>
    </ClInclude>
    <ClInclude Include="Dependencies\GLM\glm\gtx\closest_point.hpp">
      <Filter>Dependencies\GLM\glm\gtx</Filter>
    </ClInclude>
    <ClInclude Include="Dependencies\GLM\glm\gtx\color_encoding.hpp">
      <Filter>Dependencies\GLM\glm\gtx</Filter>
    </ClInclude>
    <ClInclude Include="Dependencies\GLM\glm\gtx\color_space.hpp">
      <Filter>Dependencies\GLM\glm\gtx</Filter>
    </ClInclude>
    <ClInclude Include="Dependencies\GLM\glm\gtx\color_space_YCoCg.hpp">
      <Filter>Dependencies\GLM\glm\gtx</Filter>
    </ClInclude>
    <ClInclude Include="Dependencies\GLM\glm\gtx\common.hpp">
      <Filter>Dependencies\GLM\glm\gtx</Filter>
    </ClInclude>
    <ClInclude Include="Dependencies\GLM\glm\gtx\compatibility.hpp">
      <Filter>Dependencies\GLM\glm\gtx</Filter>
    </ClInclude>
    <ClInclude Include="Dependencies\GLM\glm\gtx\component_wise.hpp">
      <Filter>Dependencies\GLM\glm\gtx</Filter>
    </ClInclude>
    <ClInclude Include="Dependencies\GLM\glm\gtx\dual_quaternion.hpp">
      <Filter>Dependencies\GLM\glm\gtx</Filter>
    </ClInclude>
    <ClInclude Include="Dependencies\GLM\glm\gtx\easing.hpp">
      <Filter>Dependencies\GLM\glm\gtx</Filter>
    </ClInclude>
    <ClInclude Include="Dependencies\GLM\glm\gtx\euler_angles.hpp">
      <Filter>Dependencies\GLM\glm\gtx</Filter>
    </ClInclude>
    <ClInclude Include="Dependencies\GLM\glm\gtx\extend.hpp">
      <Filter>Dependencies\GLM\glm\gtx</Filter>
    </ClInclude>
    <ClInclude Include="Dependencies\GLM\glm\gtx\extended_min_max.hpp">
      <Filter>Dependencies\GLM\glm\gtx</Filter>
    </ClInclude>
    <ClInclude Include="Dependencies\GLM\glm\gtx\exterior_product.hpp">
      <Filter>Dependencies\GLM\glm\gtx</Filter>
    </ClInclude>
    <ClInclude Include="Dependencies\GLM\glm\gtx\fast_exponential.hpp">
      <Filter>Dependencies\GLM\glm\gtx</Filter>
    </ClInclude>
    <ClInclude Include="Dependencies\GLM\glm\gtx\fast_square_root.hpp">
      <Filter>Dependencies\GLM\glm\gtx</Filter>
    </ClInclude>
    <ClInclude Include="Dependencies\GLM\glm\gtx\fast_trigonometry.hpp">
      <Filter>Dependencies\GLM\glm\gtx</Filter>
    </ClInclude>
    <ClInclude Include="Dependencies\GLM\glm\gtx\functions.hpp">
      <Filter>Dependencies\GLM\glm\gtx</Filter>
    </ClInclude>
    <ClInclude Include="Dependencies\GLM\glm\gtx\gradient_paint.hpp">
      <Filter>Dependencies\GLM\glm\gtx</Filter>
    </ClInclude>
    <ClInclude Include="Dependencies\GLM\glm\gtx\handed_coordinate_space.hpp">
      <Filter>Dependencies\GLM\glm\gtx</Filter>
    </ClInclude>
    <ClInclude Include="Dependencies\GLM\glm\gtx\hash.hpp">
      <Filter>Dependencies\GLM\glm\gtx</Filter>
    </ClInclude>
    <ClInclude Include="Dependencies\GLM\glm\gtx\integer.hpp">
      <Filter>Dependencies\GLM\glm\gtx</Filter>
    </ClInclude>
    <ClInclude Include="Dependencies\GLM\glm\gtx\intersect.hpp">
      <Filter>Dependencies\GLM\glm\gtx</Filter>
    </ClInclude>
    <ClInclude Include="Dependencies\GLM\glm\gtx\io.hpp">
      <Filter>Dependencies\GLM\glm\gtx</Filter>
    </ClInclude>
    <ClInclude Include="Dependencies\GLM\glm\gtx\log_base.hpp">
      <Filter>Dependencies\GLM\glm\gtx</Filter>
    </ClInclude>
    <ClInclude Include="Dependencies\GLM\glm\gtx\matrix_cross_product.hpp">
      <Filter>Dependencies\GLM\glm\gtx</Filter>
    </ClInclude>
    <ClInclude Include="Dependencies\GLM\glm\gtx\matrix_decompose.hpp">
      <Filter>Dependencies\GLM\glm\gtx</Filter>
    </ClInclude>
    <ClInclude Include="Dependencies\GLM\glm\gtx\matrix_factorisation.hpp">
      <Filter>Dependencies\GLM\glm\gtx</Filter>
    </ClInclude>
    <ClInclude Include="Dependencies\GLM\glm\gtx\matrix_interpolation.hpp">
      <Filter>Dependencies\GLM\glm\gtx</Filter>
    </ClInclude>
    <ClInclude Include="Dependencies\GLM\glm\gtx\matrix_major_storage.hpp">
      <Filter>Dependencies\GLM\glm\gtx</Filter>
    </ClInclude>
    <ClInclude Include="Dependencies\GLM\glm\gtx\matrix_operation.hpp">
      <Filter>Dependencies\GLM\glm\gtx</Filter>
    </ClInclude>
    <ClInclude Include="Dependencies\GLM\glm\gtx\matrix_query.hpp">
      <Filter>Dependencies\GLM\glm\gtx</Filter>
    </ClInclude>
    <ClInclude Include="Dependencies\GLM\glm\gtx\matrix_transform_2d.hpp">
      <Filter>Dependencies\GLM\glm\gtx</Filter>
    </ClInclude>
    <ClInclude Include="Dependencies\GLM\glm\gtx\mixed_product.hpp">
      <Filter>Dependencies\GLM\glm\gtx</Filter>
    </ClInclude>
    <ClInclude Include="Dependencies\GLM\glm\gtx\norm.hpp">
      <Filter>Dependencies\GLM\glm\gtx</Filter>
    </ClInclude>
    <ClInclude Include="Dependencies\GLM\glm\gtx\normal.hpp">
      <Filter>Dependencies\GLM\glm\gtx</Filter>
    </ClInclude>
    <ClInclude Include="Dependencies\GLM\glm\gtx\normalize_dot.hpp">
      <Filter>Dependencies\GLM\glm\gtx</Filter>
    </ClInclude>
    <ClInclude Include="Dependencies\GLM\glm\gtx\number_precision.hpp">
      <Filter>Dependencies\GLM\glm\gtx</Filter>
    </ClInclude>
    <ClInclude Include="Dependencies\GLM\glm\gtx\optimum_pow.hpp">
      <Filter>Dependencies\GLM\glm\gtx</Filter>
    </ClInclude>
    <ClInclude Include="Dependencies\GLM\glm\gtx\orthonormalize.hpp">
      <Filter>Dependencies\GLM\glm\gtx</Filter>
    </ClInclude>
    <ClInclude Include="Dependencies\GLM\glm\gtx\pca.hpp">
      <Filter>Dependencies\GLM\glm\gtx</Filter>
    </ClInclude>
    <ClInclude Include="Dependencies\GLM\glm\gtx\perpendicular.hpp">
      <Filter>Dependencies\GLM\glm\gtx</Filter>
    </ClInclude>
    <ClInclude Include="Dependencies\GLM\glm\gtx\polar_coordinates.hpp">
      <Filter>Dependencies\GLM\glm\gtx</Filter>
    </ClInclude>
    <ClInclude Include="Dependencies\GLM\glm\gtx\projection.hpp">
      <Filter>Dependencies\GLM\glm\gtx</Filter>
    </ClInclude>
    <ClInclude Include="Dependencies\GLM\glm\gtx\quaternion.hpp">
      <Filter>Dependencies\GLM\glm\gtx</Filter>
    </ClInclude>
    <ClInclude Include="Dependencies\GLM\glm\gtx\range.hpp">
      <Filter>Dependencies\GLM\glm\gtx</Filter>
    </ClInclude>
    <ClInclude Include="Dependencies\GLM\glm\gtx\raw_data.hpp">
      <Filter>Dependencies\GLM\glm\gtx</Filter>
    </ClInclude>
    <ClInclude Include="Dependencies\GLM\glm\gtx\rotate_normalized_axis.hpp">
      <Filter>Dependencies\GLM\glm\gtx</Filter>
    </ClInclude>
    <ClInclude Include="Dependencies\GLM\glm\gtx\rotate_vector.hpp">
      <Filter>Dependencies\GLM\glm\gtx</Filter>
    </ClInclude>
    <ClInclude Include="Dependencies\GLM\glm\gtx\scalar_multiplication.hpp">
      <Filter>Dependencies\GLM\glm\gtx</Filter>
    </ClInclude>
    <ClInclude Include="Dependencies\GLM\glm\gtx\scalar_relational.hpp">
      <Filter>Dependencies\GLM\glm\gtx</Filter>
    </ClInclude>
    <ClInclude Include="Dependencies\GLM\glm\gtx\spline.hpp">
      <Filter>Dependencies\GLM\glm\gtx</Filter>
    </ClInclude>
    <ClInclude Include="Dependencies\GLM\glm\gtx\std_based_type.hpp">
      <Filter>Dependencies\GLM\glm\gtx</Filter>
    </ClInclude>
    <ClInclude Include="Dependencies\GLM\glm\gtx\string_cast.hpp">
      <Filter>Dependencies\GLM\glm\gtx</Filter>
    </ClInclude>
    <ClInclude Include="Dependencies\GLM\glm\gtx\texture.hpp">
      <Filter>Dependencies\GLM\glm\gtx</Filter>
    </ClInclude>
    <ClInclude Include="Dependencies\GLM\glm\gtx\transform.hpp">
      <Filter>Dependencies\GLM\glm\gtx</Filter>
    </ClInclude>
    <ClInclude Include="Dependencies\GLM\glm\gtx\transform2.hpp">
      <Filter>Dependencies\GLM\glm\gtx</Filter>
    </ClInclude>
    <ClInclude Include="Dependencies\GLM\glm\gtx\type_aligned.hpp">
      <Filter>Dependencies\GLM\glm\gtx</Filter>
    </ClInclude>
    <ClInclude Include="Dependencies\GLM\glm\gtx\type_trait.hpp">
      <Filter>Dependencies\GLM\glm\gtx</Filter>
    </ClInclude>
    <ClInclude Include="Dependencies\GLM\glm\gtx\vec_swizzle.hpp">
      <Filter>Dependencies\GLM\glm\gtx</Filter>
    </ClInclude>
    <ClInclude Include="Dependencies\GLM\glm\gtx\vector_angle.hpp">
      <Filter>Dependencies\GLM\glm\gtx</Filter>
    </ClInclude>
    <ClInclude Include="Dependencies\GLM\glm\gtx\vector_query.hpp">
      <Filter>Dependencies\GLM\glm\gtx</Filter>
    </ClInclude>
    <ClInclude Include="Dependencies\GLM\glm\gtx\wrap.hpp">
      <Filter>Dependencies\GLM\glm\gtx</Filter>
    </ClInclude>
    <ClInclude Include="Dependencies\GLM\glm\integer.hpp">
      <Filter>Dependencies\GLM\glm</Filter>
    </ClInclude>
    <ClInclude Include="Dependencies\GLM\glm\mat2x2.hpp">
      <Filter>Dependencies\GLM\glm</Filter>
    </ClInclude>
    <ClInclude Include="Dependencies\GLM\glm\mat2x3.hpp">
      <Filter>Dependencies\GLM\glm</Filter>
    </ClInclude>
    <ClInclude Include="Dependencies\GLM\glm\mat2x4.hpp">
      <Filter>Dependencies\GLM\glm</Filter>
    </ClInclude>
    <ClInclude Include="Dependencies\GLM\glm\mat3x2.hpp">
      <Filter>Dependencies\GLM\glm</Filter>
    </ClInclude>
    <ClInclude Include="Dependencies\GLM\glm\mat3x3.hpp">
      <Filter>Dependencies\GLM\glm</Filter>
    </ClInclude>
    <ClInclude Include="Dependencies\GLM\glm\mat3x4.hpp">
      <Filter>Dependencies\GLM\glm</Filter>
    </ClInclude>
    <ClInclude Include="Dependencies\GLM\glm\mat4x2.hpp">
      <Filter>Dependencies\GLM\glm</Filter>
    </ClInclude>
    <ClInclude Include="Dependencies\GLM\glm\mat4x3.hpp">
      <Filter>Dependencies\GLM\glm</Filter>
    </ClInclude>
    <ClInclude Include="Dependencies\GLM\glm\mat4x4.hpp">
      <Filter>Dependencies\GLM\glm</Filter>
    </ClInclude>
    <ClInclude Include="Dependencies\GLM\glm\matrix.hpp">
      <Filter>Dependencies\GLM\glm</Filter>
    </ClInclude>
    <ClInclude Include="Dependencies\GLM\glm\packing.hpp">
      <Filter>Dependencies\GLM\glm</Filter>
    </ClInclude>
    <ClInclude Include="Dependencies\GLM\glm\simd\common.h">
      <Filter>Dependencies\GLM\glm\simd</Filter>
    </ClInclude>
    <ClInclude Include="Dependencies\GLM\glm\simd\exponential.h">
      <Filter>Dependencies\GLM\glm\simd</Filter>
    </ClInclude>
    <ClInclude Include="Dependencies\GLM\glm\simd\geometric.h">
      <Filter>Dependencies\GLM\glm\simd</Filter>
    </ClInclude>
    <ClInclude Include="Dependencies\GLM\glm\simd\integer.h">
      <Filter>Dependencies\GLM\glm\simd</Filter>
    </ClInclude>
    <ClInclude Include="Dependencies\GLM\glm\simd\matrix.h">
      <Filter>Dependencies\GLM\glm\simd</Filter>
    </ClInclude>
    <ClInclude Include="Dependencies\GLM\glm\simd\neon.h">
      <Filter>Dependencies\GLM\glm\simd</Filter>
    </ClInclude>
    <ClInclude Include="Dependencies\GLM\glm\simd\packing.h">
      <Filter>Dependencies\GLM\glm\simd</Filter>
    </ClInclude>
    <ClInclude Include="Dependencies\GLM\glm\simd\platform.h">
      <Filter>Dependencies\GLM\glm\simd</Filter>
    </ClInclude>
    <ClInclude Include="Dependencies\GLM\glm\simd\trigonometric.h">
      <Filter>Dependencies\GLM\glm\simd</Filter>
    </ClInclude>
    <ClInclude Include="Dependencies\GLM\glm\simd\vector_relational.h">
      <Filter>Dependencies\GLM\glm\simd</Filter>
    </ClInclude>
    <ClInclude Include="Dependencies\GLM\glm\trigonometric.hpp">
      <Filter>Dependencies\GLM\glm</Filter>
    </ClInclude>
    <ClInclude Include="Dependencies\GLM\glm\vec2.hpp">
      <Filter>Dependencies\GLM\glm</Filter>
    </ClInclude>
    <ClInclude Include="Dependencies\GLM\glm\vec3.hpp">
      <Filter>Dependencies\GLM\glm</Filter>
    </ClInclude>
    <ClInclude Include="Dependencies\GLM\glm\vec4.hpp">
      <Filter>Dependencies\GLM\glm</Filter>
    </ClInclude>
    <ClInclude Include="Dependencies\GLM\glm\vector_relational.hpp">
      <Filter>Dependencies\GLM\glm</Filter>
    </ClInclude>
    <ClInclude Include="Source\HandleInput.h">
      <Filter>Source</Filter>
    </ClInclude>
    <ClInclude Include="Source\Shader.h">
      <Filter>Source</Filter>
    </ClInclude>
    <ClInclude Include="Source\Window.h" />
    <ClInclude Include="Source\Object.h" />
  </ItemGroup>
  <ItemGroup>
    <ClCompile Include="Dependencies\GLM\glm\detail\glm.cpp">
      <Filter>Dependencies\GLM\glm\detail</Filter>
    </ClCompile>
    <ClCompile Include="Source\HandleInput.cpp">
      <Filter>Source</Filter>
    </ClCompile>
    <ClCompile Include="Source\Main.cpp">
      <Filter>Source</Filter>
    </ClCompile>
    <ClCompile Include="Source\Shader.cpp">
      <Filter>Source</Filter>
    </ClCompile>
    <ClCompile Include="Source\Window.cpp" />
    <ClCompile Include="Source\Object.cpp" />
  </ItemGroup>
</Project>