
Microsoft Visual Studio Solution File, Format Version 12.00
# Visual Studio Version 17
Project("{8BC9CEB8-8B4A-11D0-8D11-00A0C91BC942}") = "ProtoEngine", "ProtoEngine.vcxproj", "{0F9D55FE-7B52-CEF3-0447-C8CA70FBC4F7}"
EndProject
Global
	GlobalSection(SolutionConfigurationPlatforms) = preSolution
		Debug|Win64 = Debug|Win64
		InputDebug|Win64 = InputDebug|Win64
		Release|Win64 = Release|Win64
		ShaderDebug|Win64 = ShaderDebug|Win64
	EndGlobalSection
	GlobalSection(ProjectConfigurationPlatforms) = postSolution
		{0F9D55FE-7B52-CEF3-0447-C8CA70FBC4F7}.Debug|Win64.ActiveCfg = Debug Win64|x64
		{0F9D55FE-7B52-CEF3-0447-C8CA70FBC4F7}.Debug|Win64.Build.0 = Debug Win64|x64
		{0F9D55FE-7B52-CEF3-0447-C8CA70FBC4F7}.InputDebug|Win64.ActiveCfg = InputDebug Win64|x64
		{0F9D55FE-7B52-CEF3-0447-C8CA70FBC4F7}.InputDebug|Win64.Build.0 = InputDebug Win64|x64
		{0F9D55FE-7B52-CEF3-0447-C8CA70FBC4F7}.Release|Win64.ActiveCfg = Release Win64|x64
		{0F9D55FE-7B52-CEF3-0447-C8CA70FBC4F7}.Release|Win64.Build.0 = Release Win64|x64
		{0F9D55FE-7B52-CEF3-0447-C8CA70FBC4F7}.ShaderDebug|Win64.ActiveCfg = ShaderDebug Win64|x64
		{0F9D55FE-7B52-CEF3-0447-C8CA70FBC4F7}.ShaderDebug|Win64.Build.0 = ShaderDebug Win64|x64
	EndGlobalSection
	GlobalSection(SolutionProperties) = preSolution
		HideSolutionNode = FALSE
	EndGlobalSection
EndGlobal
